// !$*UTF8*$!
{
	archiveVersion = 1;
	classes = {
	};
	objectVersion = 56;
	objects = {

/* Begin PBXBuildFile section */
		6ECC65F229757A15001760E3 /* ExchangeApp.swift in Sources */ = {isa = PBXBuildFile; fileRef = 6ECC65F129757A15001760E3 /* ExchangeApp.swift */; };
		6ECC65F429757A15001760E3 /* ListEchangeView.swift in Sources */ = {isa = PBXBuildFile; fileRef = 6ECC65F329757A15001760E3 /* ListEchangeView.swift */; };
		6ECC65F629757A16001760E3 /* Assets.xcassets in Resources */ = {isa = PBXBuildFile; fileRef = 6ECC65F529757A16001760E3 /* Assets.xcassets */; };
		6ECC65F929757A16001760E3 /* Preview Assets.xcassets in Resources */ = {isa = PBXBuildFile; fileRef = 6ECC65F829757A16001760E3 /* Preview Assets.xcassets */; };
		6ECC65FE29757A16001760E3 /* Exchange.xcdatamodeld in Sources */ = {isa = PBXBuildFile; fileRef = 6ECC65FC29757A16001760E3 /* Exchange.xcdatamodeld */; };
		6ECC660529757BDB001760E3 /* ExchangeInteractor.swift in Sources */ = {isa = PBXBuildFile; fileRef = 6ECC660429757BDB001760E3 /* ExchangeInteractor.swift */; };
		6ECC6607297580FC001760E3 /* ListEchangeViewModel.swift in Sources */ = {isa = PBXBuildFile; fileRef = 6ECC6606297580FC001760E3 /* ListEchangeViewModel.swift */; };
		6ECC660929758895001760E3 /* EchangeNetworkModel.swift in Sources */ = {isa = PBXBuildFile; fileRef = 6ECC660829758895001760E3 /* EchangeNetworkModel.swift */; };
		6ECC660B2975987D001760E3 /* EchangeFactory.swift in Sources */ = {isa = PBXBuildFile; fileRef = 6ECC660A2975987D001760E3 /* EchangeFactory.swift */; };
		6ECC660D2975A8A7001760E3 /* ExchangeInteractorProtocol.swift in Sources */ = {isa = PBXBuildFile; fileRef = 6ECC660C2975A8A7001760E3 /* ExchangeInteractorProtocol.swift */; };
		6ECC660F2975A8C1001760E3 /* NetworkingProtocol.swift in Sources */ = {isa = PBXBuildFile; fileRef = 6ECC660E2975A8C1001760E3 /* NetworkingProtocol.swift */; };
		6ECC66112975A8E3001760E3 /* Networking.swift in Sources */ = {isa = PBXBuildFile; fileRef = 6ECC66102975A8E3001760E3 /* Networking.swift */; };
		6ECC661A2975B7A7001760E3 /* AllCurrency.swift in Sources */ = {isa = PBXBuildFile; fileRef = 6ECC66192975B7A7001760E3 /* AllCurrency.swift */; };
		6ECC661C2975B96C001760E3 /* CurrencySelectionView.swift in Sources */ = {isa = PBXBuildFile; fileRef = 6ECC661B2975B96C001760E3 /* CurrencySelectionView.swift */; };
		6ECC661E2975D8A6001760E3 /* CoreDataManager.swift in Sources */ = {isa = PBXBuildFile; fileRef = 6ECC661D2975D8A6001760E3 /* CoreDataManager.swift */; };
		6ECC66202975DA4E001760E3 /* EchangeModel.swift in Sources */ = {isa = PBXBuildFile; fileRef = 6ECC661F2975DA4E001760E3 /* EchangeModel.swift */; };
		6ECC66332976BEBD001760E3 /* ExchangeTests.swift in Sources */ = {isa = PBXBuildFile; fileRef = 6ECC662A2976BDFC001760E3 /* ExchangeTests.swift */; };
		6ECC66362976BF88001760E3 /* ExchangeInteractorStub.swift in Sources */ = {isa = PBXBuildFile; fileRef = 6ECC66342976BF5B001760E3 /* ExchangeInteractorStub.swift */; };
		6ECC66382976D836001760E3 /* EchangeVieModel.swift in Sources */ = {isa = PBXBuildFile; fileRef = 6ECC66372976D836001760E3 /* EchangeVieModel.swift */; };
/* End PBXBuildFile section */

/* Begin PBXContainerItemProxy section */
		6ECC662C2976BDFC001760E3 /* PBXContainerItemProxy */ = {
			isa = PBXContainerItemProxy;
			containerPortal = 6ECC65E629757A14001760E3 /* Project object */;
			proxyType = 1;
			remoteGlobalIDString = 6ECC65ED29757A15001760E3;
			remoteInfo = Exchange;
		};
/* End PBXContainerItemProxy section */

/* Begin PBXFileReference section */
		6ECC65EE29757A15001760E3 /* Exchange.app */ = {isa = PBXFileReference; explicitFileType = wrapper.application; includeInIndex = 0; path = Exchange.app; sourceTree = BUILT_PRODUCTS_DIR; };
		6ECC65F129757A15001760E3 /* ExchangeApp.swift */ = {isa = PBXFileReference; lastKnownFileType = sourcecode.swift; path = ExchangeApp.swift; sourceTree = "<group>"; };
		6ECC65F329757A15001760E3 /* ListEchangeView.swift */ = {isa = PBXFileReference; lastKnownFileType = sourcecode.swift; path = ListEchangeView.swift; sourceTree = "<group>"; };
		6ECC65F529757A16001760E3 /* Assets.xcassets */ = {isa = PBXFileReference; lastKnownFileType = folder.assetcatalog; path = Assets.xcassets; sourceTree = "<group>"; };
		6ECC65F829757A16001760E3 /* Preview Assets.xcassets */ = {isa = PBXFileReference; lastKnownFileType = folder.assetcatalog; path = "Preview Assets.xcassets"; sourceTree = "<group>"; };
		6ECC65FD29757A16001760E3 /* Exchange.xcdatamodel */ = {isa = PBXFileReference; lastKnownFileType = wrapper.xcdatamodel; path = Exchange.xcdatamodel; sourceTree = "<group>"; };
		6ECC660429757BDB001760E3 /* ExchangeInteractor.swift */ = {isa = PBXFileReference; lastKnownFileType = sourcecode.swift; path = ExchangeInteractor.swift; sourceTree = "<group>"; };
		6ECC6606297580FC001760E3 /* ListEchangeViewModel.swift */ = {isa = PBXFileReference; lastKnownFileType = sourcecode.swift; path = ListEchangeViewModel.swift; sourceTree = "<group>"; };
		6ECC660829758895001760E3 /* EchangeNetworkModel.swift */ = {isa = PBXFileReference; lastKnownFileType = sourcecode.swift; path = EchangeNetworkModel.swift; sourceTree = "<group>"; };
		6ECC660A2975987D001760E3 /* EchangeFactory.swift */ = {isa = PBXFileReference; lastKnownFileType = sourcecode.swift; path = EchangeFactory.swift; sourceTree = "<group>"; };
		6ECC660C2975A8A7001760E3 /* ExchangeInteractorProtocol.swift */ = {isa = PBXFileReference; lastKnownFileType = sourcecode.swift; path = ExchangeInteractorProtocol.swift; sourceTree = "<group>"; };
		6ECC660E2975A8C1001760E3 /* NetworkingProtocol.swift */ = {isa = PBXFileReference; lastKnownFileType = sourcecode.swift; path = NetworkingProtocol.swift; sourceTree = "<group>"; };
		6ECC66102975A8E3001760E3 /* Networking.swift */ = {isa = PBXFileReference; lastKnownFileType = sourcecode.swift; path = Networking.swift; sourceTree = "<group>"; };
		6ECC66192975B7A7001760E3 /* AllCurrency.swift */ = {isa = PBXFileReference; lastKnownFileType = sourcecode.swift; path = AllCurrency.swift; sourceTree = "<group>"; };
		6ECC661B2975B96C001760E3 /* CurrencySelectionView.swift */ = {isa = PBXFileReference; lastKnownFileType = sourcecode.swift; path = CurrencySelectionView.swift; sourceTree = "<group>"; };
		6ECC661D2975D8A6001760E3 /* CoreDataManager.swift */ = {isa = PBXFileReference; lastKnownFileType = sourcecode.swift; path = CoreDataManager.swift; sourceTree = "<group>"; };
		6ECC661F2975DA4E001760E3 /* EchangeModel.swift */ = {isa = PBXFileReference; lastKnownFileType = sourcecode.swift; path = EchangeModel.swift; sourceTree = "<group>"; };
		6ECC66282976BDFC001760E3 /* ExchangeTests.xctest */ = {isa = PBXFileReference; explicitFileType = wrapper.cfbundle; includeInIndex = 0; path = ExchangeTests.xctest; sourceTree = BUILT_PRODUCTS_DIR; };
		6ECC662A2976BDFC001760E3 /* ExchangeTests.swift */ = {isa = PBXFileReference; lastKnownFileType = sourcecode.swift; path = ExchangeTests.swift; sourceTree = "<group>"; };
		6ECC66342976BF5B001760E3 /* ExchangeInteractorStub.swift */ = {isa = PBXFileReference; lastKnownFileType = sourcecode.swift; path = ExchangeInteractorStub.swift; sourceTree = "<group>"; };
		6ECC66372976D836001760E3 /* EchangeVieModel.swift */ = {isa = PBXFileReference; lastKnownFileType = sourcecode.swift; path = EchangeVieModel.swift; sourceTree = "<group>"; };
/* End PBXFileReference section */

/* Begin PBXFrameworksBuildPhase section */
		6ECC65EB29757A15001760E3 /* Frameworks */ = {
			isa = PBXFrameworksBuildPhase;
			buildActionMask = 2147483647;
			files = (
			);
			runOnlyForDeploymentPostprocessing = 0;
		};
		6ECC66252976BDFC001760E3 /* Frameworks */ = {
			isa = PBXFrameworksBuildPhase;
			buildActionMask = 2147483647;
			files = (
			);
			runOnlyForDeploymentPostprocessing = 0;
		};
/* End PBXFrameworksBuildPhase section */

/* Begin PBXGroup section */
		6ECC65E529757A14001760E3 = {
			isa = PBXGroup;
			children = (
				6ECC65F029757A15001760E3 /* Exchange */,
				6ECC66292976BDFC001760E3 /* ExchangeTests */,
				6ECC65EF29757A15001760E3 /* Products */,
			);
			sourceTree = "<group>";
		};
		6ECC65EF29757A15001760E3 /* Products */ = {
			isa = PBXGroup;
			children = (
				6ECC65EE29757A15001760E3 /* Exchange.app */,
				6ECC66282976BDFC001760E3 /* ExchangeTests.xctest */,
			);
			name = Products;
			sourceTree = "<group>";
		};
		6ECC65F029757A15001760E3 /* Exchange */ = {
			isa = PBXGroup;
			children = (
				6ECC65F129757A15001760E3 /* ExchangeApp.swift */,
				6ECC661D2975D8A6001760E3 /* CoreDataManager.swift */,
				6ECC66172975B725001760E3 /* Models */,
				6ECC65F529757A16001760E3 /* Assets.xcassets */,
				6ECC65FC29757A16001760E3 /* Exchange.xcdatamodeld */,
				6ECC65F729757A16001760E3 /* Preview Content */,
			);
			path = Exchange;
			sourceTree = "<group>";
		};
		6ECC65F729757A16001760E3 /* Preview Content */ = {
			isa = PBXGroup;
			children = (
				6ECC65F829757A16001760E3 /* Preview Assets.xcassets */,
			);
			path = "Preview Content";
			sourceTree = "<group>";
		};
		6ECC66122975B697001760E3 /* View */ = {
			isa = PBXGroup;
			children = (
				6ECC65F329757A15001760E3 /* ListEchangeView.swift */,
				6ECC661B2975B96C001760E3 /* CurrencySelectionView.swift */,
			);
			path = View;
			sourceTree = "<group>";
		};
		6ECC66132975B6AB001760E3 /* ViewModel */ = {
			isa = PBXGroup;
			children = (
				6ECC6606297580FC001760E3 /* ListEchangeViewModel.swift */,
			);
			path = ViewModel;
			sourceTree = "<group>";
		};
		6ECC66142975B6C1001760E3 /* Model */ = {
			isa = PBXGroup;
			children = (
				6ECC660829758895001760E3 /* EchangeNetworkModel.swift */,
				6ECC661F2975DA4E001760E3 /* EchangeModel.swift */,
				6ECC66372976D836001760E3 /* EchangeVieModel.swift */,
				6ECC66192975B7A7001760E3 /* AllCurrency.swift */,
			);
			path = Model;
			sourceTree = "<group>";
		};
		6ECC66152975B6D8001760E3 /* Interactor */ = {
			isa = PBXGroup;
			children = (
				6ECC660429757BDB001760E3 /* ExchangeInteractor.swift */,
				6ECC660C2975A8A7001760E3 /* ExchangeInteractorProtocol.swift */,
			);
			path = Interactor;
			sourceTree = "<group>";
		};
		6ECC66162975B6F4001760E3 /* Networking */ = {
			isa = PBXGroup;
			children = (
				6ECC66102975A8E3001760E3 /* Networking.swift */,
				6ECC660E2975A8C1001760E3 /* NetworkingProtocol.swift */,
			);
			path = Networking;
			sourceTree = "<group>";
		};
		6ECC66172975B725001760E3 /* Models */ = {
			isa = PBXGroup;
			children = (
				6ECC66162975B6F4001760E3 /* Networking */,
				6ECC66182975B751001760E3 /* Exchange */,
			);
			path = Models;
			sourceTree = "<group>";
		};
		6ECC66182975B751001760E3 /* Exchange */ = {
			isa = PBXGroup;
			children = (
				6ECC660A2975987D001760E3 /* EchangeFactory.swift */,
				6ECC66122975B697001760E3 /* View */,
				6ECC66132975B6AB001760E3 /* ViewModel */,
				6ECC66142975B6C1001760E3 /* Model */,
				6ECC66152975B6D8001760E3 /* Interactor */,
			);
			path = Exchange;
			sourceTree = "<group>";
		};
		6ECC66292976BDFC001760E3 /* ExchangeTests */ = {
			isa = PBXGroup;
			children = (
				6ECC662A2976BDFC001760E3 /* ExchangeTests.swift */,
				6ECC66342976BF5B001760E3 /* ExchangeInteractorStub.swift */,
			);
			path = ExchangeTests;
			sourceTree = "<group>";
		};
/* End PBXGroup section */

/* Begin PBXNativeTarget section */
		6ECC65ED29757A15001760E3 /* Exchange */ = {
			isa = PBXNativeTarget;
			buildConfigurationList = 6ECC660129757A16001760E3 /* Build configuration list for PBXNativeTarget "Exchange" */;
			buildPhases = (
				6ECC65EA29757A15001760E3 /* Sources */,
				6ECC65EB29757A15001760E3 /* Frameworks */,
				6ECC65EC29757A15001760E3 /* Resources */,
			);
			buildRules = (
			);
			dependencies = (
			);
			name = Exchange;
			productName = Exchange;
			productReference = 6ECC65EE29757A15001760E3 /* Exchange.app */;
			productType = "com.apple.product-type.application";
		};
		6ECC66272976BDFC001760E3 /* ExchangeTests */ = {
			isa = PBXNativeTarget;
			buildConfigurationList = 6ECC662E2976BDFC001760E3 /* Build configuration list for PBXNativeTarget "ExchangeTests" */;
			buildPhases = (
				6ECC66242976BDFC001760E3 /* Sources */,
				6ECC66252976BDFC001760E3 /* Frameworks */,
				6ECC66262976BDFC001760E3 /* Resources */,
			);
			buildRules = (
			);
			dependencies = (
				6ECC662D2976BDFC001760E3 /* PBXTargetDependency */,
			);
			name = ExchangeTests;
			productName = ExchangeTests;
			productReference = 6ECC66282976BDFC001760E3 /* ExchangeTests.xctest */;
			productType = "com.apple.product-type.bundle.unit-test";
		};
/* End PBXNativeTarget section */

/* Begin PBXProject section */
		6ECC65E629757A14001760E3 /* Project object */ = {
			isa = PBXProject;
			attributes = {
				BuildIndependentTargetsInParallel = 1;
				LastSwiftUpdateCheck = 1400;
				LastUpgradeCheck = 1400;
				TargetAttributes = {
					6ECC65ED29757A15001760E3 = {
						CreatedOnToolsVersion = 14.0.1;
					};
					6ECC66272976BDFC001760E3 = {
						CreatedOnToolsVersion = 14.0.1;
						TestTargetID = 6ECC65ED29757A15001760E3;
					};
				};
			};
			buildConfigurationList = 6ECC65E929757A14001760E3 /* Build configuration list for PBXProject "Exchange" */;
			compatibilityVersion = "Xcode 14.0";
			developmentRegion = en;
			hasScannedForEncodings = 0;
			knownRegions = (
				en,
				Base,
			);
			mainGroup = 6ECC65E529757A14001760E3;
			productRefGroup = 6ECC65EF29757A15001760E3 /* Products */;
			projectDirPath = "";
			projectRoot = "";
			targets = (
				6ECC65ED29757A15001760E3 /* Exchange */,
				6ECC66272976BDFC001760E3 /* ExchangeTests */,
			);
		};
/* End PBXProject section */

/* Begin PBXResourcesBuildPhase section */
		6ECC65EC29757A15001760E3 /* Resources */ = {
			isa = PBXResourcesBuildPhase;
			buildActionMask = 2147483647;
			files = (
				6ECC65F929757A16001760E3 /* Preview Assets.xcassets in Resources */,
				6ECC65F629757A16001760E3 /* Assets.xcassets in Resources */,
			);
			runOnlyForDeploymentPostprocessing = 0;
		};
		6ECC66262976BDFC001760E3 /* Resources */ = {
			isa = PBXResourcesBuildPhase;
			buildActionMask = 2147483647;
			files = (
			);
			runOnlyForDeploymentPostprocessing = 0;
		};
/* End PBXResourcesBuildPhase section */

/* Begin PBXSourcesBuildPhase section */
		6ECC65EA29757A15001760E3 /* Sources */ = {
			isa = PBXSourcesBuildPhase;
			buildActionMask = 2147483647;
			files = (
				6ECC66382976D836001760E3 /* EchangeVieModel.swift in Sources */,
				6ECC661A2975B7A7001760E3 /* AllCurrency.swift in Sources */,
				6ECC66362976BF88001760E3 /* ExchangeInteractorStub.swift in Sources */,
				6ECC660929758895001760E3 /* EchangeNetworkModel.swift in Sources */,
				6ECC66112975A8E3001760E3 /* Networking.swift in Sources */,
				6ECC65FE29757A16001760E3 /* Exchange.xcdatamodeld in Sources */,
				6ECC661C2975B96C001760E3 /* CurrencySelectionView.swift in Sources */,
				6ECC66202975DA4E001760E3 /* EchangeModel.swift in Sources */,
				6ECC660B2975987D001760E3 /* EchangeFactory.swift in Sources */,
				6ECC660F2975A8C1001760E3 /* NetworkingProtocol.swift in Sources */,
				6ECC660D2975A8A7001760E3 /* ExchangeInteractorProtocol.swift in Sources */,
				6ECC660529757BDB001760E3 /* ExchangeInteractor.swift in Sources */,
				6ECC65F429757A15001760E3 /* ListEchangeView.swift in Sources */,
				6ECC6607297580FC001760E3 /* ListEchangeViewModel.swift in Sources */,
				6ECC661E2975D8A6001760E3 /* CoreDataManager.swift in Sources */,
				6ECC65F229757A15001760E3 /* ExchangeApp.swift in Sources */,
			);
			runOnlyForDeploymentPostprocessing = 0;
		};
		6ECC66242976BDFC001760E3 /* Sources */ = {
			isa = PBXSourcesBuildPhase;
			buildActionMask = 2147483647;
			files = (
				6ECC66332976BEBD001760E3 /* ExchangeTests.swift in Sources */,
			);
			runOnlyForDeploymentPostprocessing = 0;
		};
/* End PBXSourcesBuildPhase section */

/* Begin PBXTargetDependency section */
		6ECC662D2976BDFC001760E3 /* PBXTargetDependency */ = {
			isa = PBXTargetDependency;
			target = 6ECC65ED29757A15001760E3 /* Exchange */;
			targetProxy = 6ECC662C2976BDFC001760E3 /* PBXContainerItemProxy */;
		};
/* End PBXTargetDependency section */

/* Begin XCBuildConfiguration section */
		6ECC65FF29757A16001760E3 /* Debug */ = {
			isa = XCBuildConfiguration;
			buildSettings = {
				ALWAYS_SEARCH_USER_PATHS = NO;
				CLANG_ANALYZER_NONNULL = YES;
				CLANG_ANALYZER_NUMBER_OBJECT_CONVERSION = YES_AGGRESSIVE;
				CLANG_CXX_LANGUAGE_STANDARD = "gnu++20";
				CLANG_ENABLE_MODULES = YES;
				CLANG_ENABLE_OBJC_ARC = YES;
				CLANG_ENABLE_OBJC_WEAK = YES;
				CLANG_WARN_BLOCK_CAPTURE_AUTORELEASING = YES;
				CLANG_WARN_BOOL_CONVERSION = YES;
				CLANG_WARN_COMMA = YES;
				CLANG_WARN_CONSTANT_CONVERSION = YES;
				CLANG_WARN_DEPRECATED_OBJC_IMPLEMENTATIONS = YES;
				CLANG_WARN_DIRECT_OBJC_ISA_USAGE = YES_ERROR;
				CLANG_WARN_DOCUMENTATION_COMMENTS = YES;
				CLANG_WARN_EMPTY_BODY = YES;
				CLANG_WARN_ENUM_CONVERSION = YES;
				CLANG_WARN_INFINITE_RECURSION = YES;
				CLANG_WARN_INT_CONVERSION = YES;
				CLANG_WARN_NON_LITERAL_NULL_CONVERSION = YES;
				CLANG_WARN_OBJC_IMPLICIT_RETAIN_SELF = YES;
				CLANG_WARN_OBJC_LITERAL_CONVERSION = YES;
				CLANG_WARN_OBJC_ROOT_CLASS = YES_ERROR;
				CLANG_WARN_QUOTED_INCLUDE_IN_FRAMEWORK_HEADER = YES;
				CLANG_WARN_RANGE_LOOP_ANALYSIS = YES;
				CLANG_WARN_STRICT_PROTOTYPES = YES;
				CLANG_WARN_SUSPICIOUS_MOVE = YES;
				CLANG_WARN_UNGUARDED_AVAILABILITY = YES_AGGRESSIVE;
				CLANG_WARN_UNREACHABLE_CODE = YES;
				CLANG_WARN__DUPLICATE_METHOD_MATCH = YES;
				COPY_PHASE_STRIP = NO;
				DEBUG_INFORMATION_FORMAT = dwarf;
				ENABLE_STRICT_OBJC_MSGSEND = YES;
				ENABLE_TESTABILITY = YES;
				GCC_C_LANGUAGE_STANDARD = gnu11;
				GCC_DYNAMIC_NO_PIC = NO;
				GCC_NO_COMMON_BLOCKS = YES;
				GCC_OPTIMIZATION_LEVEL = 0;
				GCC_PREPROCESSOR_DEFINITIONS = (
					"DEBUG=1",
					"$(inherited)",
				);
				GCC_WARN_64_TO_32_BIT_CONVERSION = YES;
				GCC_WARN_ABOUT_RETURN_TYPE = YES_ERROR;
				GCC_WARN_UNDECLARED_SELECTOR = YES;
				GCC_WARN_UNINITIALIZED_AUTOS = YES_AGGRESSIVE;
				GCC_WARN_UNUSED_FUNCTION = YES;
				GCC_WARN_UNUSED_VARIABLE = YES;
				IPHONEOS_DEPLOYMENT_TARGET = 16.0;
				MTL_ENABLE_DEBUG_INFO = INCLUDE_SOURCE;
				MTL_FAST_MATH = YES;
				ONLY_ACTIVE_ARCH = YES;
				SDKROOT = iphoneos;
				SWIFT_ACTIVE_COMPILATION_CONDITIONS = DEBUG;
				SWIFT_OPTIMIZATION_LEVEL = "-Onone";
			};
			name = Debug;
		};
		6ECC660029757A16001760E3 /* Release */ = {
			isa = XCBuildConfiguration;
			buildSettings = {
				ALWAYS_SEARCH_USER_PATHS = NO;
				CLANG_ANALYZER_NONNULL = YES;
				CLANG_ANALYZER_NUMBER_OBJECT_CONVERSION = YES_AGGRESSIVE;
				CLANG_CXX_LANGUAGE_STANDARD = "gnu++20";
				CLANG_ENABLE_MODULES = YES;
				CLANG_ENABLE_OBJC_ARC = YES;
				CLANG_ENABLE_OBJC_WEAK = YES;
				CLANG_WARN_BLOCK_CAPTURE_AUTORELEASING = YES;
				CLANG_WARN_BOOL_CONVERSION = YES;
				CLANG_WARN_COMMA = YES;
				CLANG_WARN_CONSTANT_CONVERSION = YES;
				CLANG_WARN_DEPRECATED_OBJC_IMPLEMENTATIONS = YES;
				CLANG_WARN_DIRECT_OBJC_ISA_USAGE = YES_ERROR;
				CLANG_WARN_DOCUMENTATION_COMMENTS = YES;
				CLANG_WARN_EMPTY_BODY = YES;
				CLANG_WARN_ENUM_CONVERSION = YES;
				CLANG_WARN_INFINITE_RECURSION = YES;
				CLANG_WARN_INT_CONVERSION = YES;
				CLANG_WARN_NON_LITERAL_NULL_CONVERSION = YES;
				CLANG_WARN_OBJC_IMPLICIT_RETAIN_SELF = YES;
				CLANG_WARN_OBJC_LITERAL_CONVERSION = YES;
				CLANG_WARN_OBJC_ROOT_CLASS = YES_ERROR;
				CLANG_WARN_QUOTED_INCLUDE_IN_FRAMEWORK_HEADER = YES;
				CLANG_WARN_RANGE_LOOP_ANALYSIS = YES;
				CLANG_WARN_STRICT_PROTOTYPES = YES;
				CLANG_WARN_SUSPICIOUS_MOVE = YES;
				CLANG_WARN_UNGUARDED_AVAILABILITY = YES_AGGRESSIVE;
				CLANG_WARN_UNREACHABLE_CODE = YES;
				CLANG_WARN__DUPLICATE_METHOD_MATCH = YES;
				COPY_PHASE_STRIP = NO;
				DEBUG_INFORMATION_FORMAT = "dwarf-with-dsym";
				ENABLE_NS_ASSERTIONS = NO;
				ENABLE_STRICT_OBJC_MSGSEND = YES;
				GCC_C_LANGUAGE_STANDARD = gnu11;
				GCC_NO_COMMON_BLOCKS = YES;
				GCC_WARN_64_TO_32_BIT_CONVERSION = YES;
				GCC_WARN_ABOUT_RETURN_TYPE = YES_ERROR;
				GCC_WARN_UNDECLARED_SELECTOR = YES;
				GCC_WARN_UNINITIALIZED_AUTOS = YES_AGGRESSIVE;
				GCC_WARN_UNUSED_FUNCTION = YES;
				GCC_WARN_UNUSED_VARIABLE = YES;
				IPHONEOS_DEPLOYMENT_TARGET = 16.0;
				MTL_ENABLE_DEBUG_INFO = NO;
				MTL_FAST_MATH = YES;
				SDKROOT = iphoneos;
				SWIFT_COMPILATION_MODE = wholemodule;
				SWIFT_OPTIMIZATION_LEVEL = "-O";
				VALIDATE_PRODUCT = YES;
			};
			name = Release;
		};
		6ECC660229757A16001760E3 /* Debug */ = {
			isa = XCBuildConfiguration;
			buildSettings = {
				ASSETCATALOG_COMPILER_APPICON_NAME = AppIcon;
				ASSETCATALOG_COMPILER_GLOBAL_ACCENT_COLOR_NAME = AccentColor;
				CODE_SIGN_STYLE = Automatic;
				CURRENT_PROJECT_VERSION = 1;
				DEVELOPMENT_ASSET_PATHS = "\"Exchange/Preview Content\"";
				DEVELOPMENT_TEAM = 6L2236X539;
				ENABLE_PREVIEWS = YES;
				GENERATE_INFOPLIST_FILE = YES;
				INFOPLIST_KEY_UIApplicationSceneManifest_Generation = YES;
				INFOPLIST_KEY_UIApplicationSupportsIndirectInputEvents = YES;
				INFOPLIST_KEY_UILaunchScreen_Generation = YES;
				INFOPLIST_KEY_UISupportedInterfaceOrientations_iPad = "UIInterfaceOrientationPortrait UIInterfaceOrientationPortraitUpsideDown UIInterfaceOrientationLandscapeLeft UIInterfaceOrientationLandscapeRight";
				INFOPLIST_KEY_UISupportedInterfaceOrientations_iPhone = "UIInterfaceOrientationPortrait UIInterfaceOrientationLandscapeLeft UIInterfaceOrientationLandscapeRight";
				LD_RUNPATH_SEARCH_PATHS = (
					"$(inherited)",
					"@executable_path/Frameworks",
				);
				MARKETING_VERSION = 1.0;
				PRODUCT_BUNDLE_IDENTIFIER = "victor-bugreev.Exchange";
				PRODUCT_NAME = "$(TARGET_NAME)";
				SWIFT_EMIT_LOC_STRINGS = YES;
				SWIFT_VERSION = 5.0;
				TARGETED_DEVICE_FAMILY = "1,2";
			};
			name = Debug;
		};
		6ECC660329757A16001760E3 /* Release */ = {
			isa = XCBuildConfiguration;
			buildSettings = {
				ASSETCATALOG_COMPILER_APPICON_NAME = AppIcon;
				ASSETCATALOG_COMPILER_GLOBAL_ACCENT_COLOR_NAME = AccentColor;
				CODE_SIGN_STYLE = Automatic;
				CURRENT_PROJECT_VERSION = 1;
				DEVELOPMENT_ASSET_PATHS = "\"Exchange/Preview Content\"";
				DEVELOPMENT_TEAM = 6L2236X539;
				ENABLE_PREVIEWS = YES;
				GENERATE_INFOPLIST_FILE = YES;
				INFOPLIST_KEY_UIApplicationSceneManifest_Generation = YES;
				INFOPLIST_KEY_UIApplicationSupportsIndirectInputEvents = YES;
				INFOPLIST_KEY_UILaunchScreen_Generation = YES;
				INFOPLIST_KEY_UISupportedInterfaceOrientations_iPad = "UIInterfaceOrientationPortrait UIInterfaceOrientationPortraitUpsideDown UIInterfaceOrientationLandscapeLeft UIInterfaceOrientationLandscapeRight";
				INFOPLIST_KEY_UISupportedInterfaceOrientations_iPhone = "UIInterfaceOrientationPortrait UIInterfaceOrientationLandscapeLeft UIInterfaceOrientationLandscapeRight";
				LD_RUNPATH_SEARCH_PATHS = (
					"$(inherited)",
					"@executable_path/Frameworks",
				);
				MARKETING_VERSION = 1.0;
				PRODUCT_BUNDLE_IDENTIFIER = "victor-bugreev.Exchange";
				PRODUCT_NAME = "$(TARGET_NAME)";
				SWIFT_EMIT_LOC_STRINGS = YES;
				SWIFT_VERSION = 5.0;
				TARGETED_DEVICE_FAMILY = "1,2";
			};
			name = Release;
		};
		6ECC662F2976BDFC001760E3 /* Debug */ = {
			isa = XCBuildConfiguration;
			buildSettings = {
				BUNDLE_LOADER = "$(TEST_HOST)";
				CODE_SIGN_STYLE = Automatic;
				CURRENT_PROJECT_VERSION = 1;
				DEVELOPMENT_TEAM = 6L2236X539;
				GENERATE_INFOPLIST_FILE = YES;
				MARKETING_VERSION = 1.0;
				PRODUCT_BUNDLE_IDENTIFIER = "victor-bugreev.ExchangeTests";
				PRODUCT_NAME = "$(TARGET_NAME)";
				SWIFT_EMIT_LOC_STRINGS = NO;
				SWIFT_VERSION = 5.0;
				TARGETED_DEVICE_FAMILY = "1,2";
				TEST_HOST = "$(BUILT_PRODUCTS_DIR)/Exchange.app/$(BUNDLE_EXECUTABLE_FOLDER_PATH)/Exchange";
			};
			name = Debug;
		};
		6ECC66302976BDFC001760E3 /* Release */ = {
			isa = XCBuildConfiguration;
			buildSettings = {
				BUNDLE_LOADER = "$(TEST_HOST)";
				CODE_SIGN_STYLE = Automatic;
				CURRENT_PROJECT_VERSION = 1;
				DEVELOPMENT_TEAM = 6L2236X539;
				GENERATE_INFOPLIST_FILE = YES;
				MARKETING_VERSION = 1.0;
				PRODUCT_BUNDLE_IDENTIFIER = "victor-bugreev.ExchangeTests";
				PRODUCT_NAME = "$(TARGET_NAME)";
				SWIFT_EMIT_LOC_STRINGS = NO;
				SWIFT_VERSION = 5.0;
				TARGETED_DEVICE_FAMILY = "1,2";
				TEST_HOST = "$(BUILT_PRODUCTS_DIR)/Exchange.app/$(BUNDLE_EXECUTABLE_FOLDER_PATH)/Exchange";
			};
			name = Release;
		};
/* End XCBuildConfiguration section */

/* Begin XCConfigurationList section */
		6ECC65E929757A14001760E3 /* Build configuration list for PBXProject "Exchange" */ = {
			isa = XCConfigurationList;
			buildConfigurations = (
				6ECC65FF29757A16001760E3 /* Debug */,
				6ECC660029757A16001760E3 /* Release */,
			);
			defaultConfigurationIsVisible = 0;
			defaultConfigurationName = Release;
		};
		6ECC660129757A16001760E3 /* Build configuration list for PBXNativeTarget "Exchange" */ = {
			isa = XCConfigurationList;
			buildConfigurations = (
				6ECC660229757A16001760E3 /* Debug */,
				6ECC660329757A16001760E3 /* Release */,
			);
			defaultConfigurationIsVisible = 0;
			defaultConfigurationName = Release;
		};
		6ECC662E2976BDFC001760E3 /* Build configuration list for PBXNativeTarget "ExchangeTests" */ = {
			isa = XCConfigurationList;
			buildConfigurations = (
				6ECC662F2976BDFC001760E3 /* Debug */,
				6ECC66302976BDFC001760E3 /* Release */,
			);
			defaultConfigurationIsVisible = 0;
			defaultConfigurationName = Release;
		};
/* End XCConfigurationList section */

/* Begin XCVersionGroup section */
		6ECC65FC29757A16001760E3 /* Exchange.xcdatamodeld */ = {
			isa = XCVersionGroup;
			children = (
				6ECC65FD29757A16001760E3 /* Exchange.xcdatamodel */,
			);
			currentVersion = 6ECC65FD29757A16001760E3 /* Exchange.xcdatamodel */;
			path = Exchange.xcdatamodeld;
			sourceTree = "<group>";
			versionGroupType = wrapper.xcdatamodel;
		};
/* End XCVersionGroup section */
	};
	rootObject = 6ECC65E629757A14001760E3 /* Project object */;
}
